
Microsoft Visual Studio Solution File, Format Version 12.00
# Visual Studio Version 17
VisualStudioVersion = 17.0.32126.317
MinimumVisualStudioVersion = 10.0.40219.1
Project("{FAE04EC0-301F-11D3-BF4B-00C04F79EFBC}") = "NauticaML", "NauticaML\NauticaML.csproj", "{D789E60C-0DEB-4268-8426-7E633A23D888}"
EndProject
Global
	GlobalSection(SolutionConfigurationPlatforms) = preSolution
		Debug|Any CPU = Debug|Any CPU
		Release|Any CPU = Release|Any CPU
	EndGlobalSection
	GlobalSection(ProjectConfigurationPlatforms) = postSolution
		{D789E60C-0DEB-4268-8426-7E633A23D888}.Debug|Any CPU.ActiveCfg = Debug|Any CPU
		{D789E60C-0DEB-4268-8426-7E633A23D888}.Debug|Any CPU.Build.0 = Debug|Any CPU
		{D789E60C-0DEB-4268-8426-7E633A23D888}.Release|Any CPU.ActiveCfg = Release|Any CPU
		{D789E60C-0DEB-4268-8426-7E633A23D888}.Release|Any CPU.Build.0 = Release|Any CPU
	EndGlobalSection
	GlobalSection(SolutionProperties) = preSolution
		HideSolutionNode = FALSE
	EndGlobalSection
	GlobalSection(ExtensibilityGlobals) = postSolution
		SolutionGuid = {3DB5830E-4269-43A2-9070-99A07EAE2D74}
	EndGlobalSection
EndGlobal
